{
  "name": "@gxs/ts-run",
  "version": "0.0.1",
  "lockfileVersion": 2,
  "requires": true,
  "packages": {
    "": {
      "name": "@gxs/ts-run",
      "version": "0.0.1",
      "license": "MIT",
      "dependencies": {
        "@types/source-map-support": "^0.5.4",
        "esbuild": "^0.14.8",
        "source-map-support": "^0.5.21"
      },
      "bin": {
        "ts-run": ".bin/run.mjs"
      }
    },
    "node_modules/@types/source-map-support": {
      "version": "0.5.4",
      "resolved": "https://registry.npmjs.org/@types/source-map-support/-/source-map-support-0.5.4.tgz",
      "integrity": "sha512-9zGujX1sOPg32XLyfgEB/0G9ZnrjthL/Iv1ZfuAjj8LEilHZEpQSQs1scpRXPhHzGYgWiLz9ldF1cI8JhL+yMw==",
      "license": "MIT",
      "dependencies": {
        "source-map": "^0.6.0"
      }
    },
    "node_modules/buffer-from": {
      "version": "1.1.2",
      "resolved": "https://registry.npmjs.org/buffer-from/-/buffer-from-1.1.2.tgz",
      "integrity": "sha512-E+XQCRwSbaaiChtv6k6Dwgc+bx+Bs6vuKJHHl5kox/BaKbhiXzqQOwK4cO22yElGp2OCmjwVhT3HmxgyPGnJfQ==",
      "license": "MIT"
    },
    "node_modules/esbuild": {
      "version": "0.14.8",
      "resolved": "https://registry.npmjs.org/esbuild/-/esbuild-0.14.8.tgz",
      "integrity": "sha512-stMsCBmxwaMpeK8GC/49L/cRGIwsHwoEN7Twk5zDTHlm/63c0KXFKzDC8iM2Mi3fyCKwS002TAH6IlAvqR6t3g==",
      "hasInstallScript": true,
      "license": "MIT",
      "bin": {
        "esbuild": "bin/esbuild"
      },
      "optionalDependencies": {
        "esbuild-android-arm64": "0.14.8",
        "esbuild-darwin-64": "0.14.8",
        "esbuild-darwin-arm64": "0.14.8",
        "esbuild-freebsd-64": "0.14.8",
        "esbuild-freebsd-arm64": "0.14.8",
        "esbuild-linux-32": "0.14.8",
        "esbuild-linux-64": "0.14.8",
        "esbuild-linux-arm": "0.14.8",
        "esbuild-linux-arm64": "0.14.8",
        "esbuild-linux-mips64le": "0.14.8",
        "esbuild-linux-ppc64le": "0.14.8",
        "esbuild-linux-s390x": "0.14.8",
        "esbuild-netbsd-64": "0.14.8",
        "esbuild-openbsd-64": "0.14.8",
        "esbuild-sunos-64": "0.14.8",
        "esbuild-windows-32": "0.14.8",
        "esbuild-windows-64": "0.14.8",
        "esbuild-windows-arm64": "0.14.8"
      }
    },
    "node_modules/esbuild-darwin-64": {
      "version": "0.14.8",
      "resolved": "https://registry.npmjs.org/esbuild-darwin-64/-/esbuild-darwin-64-0.14.8.tgz",
      "integrity": "sha512-t7p7WzTb+ybiD/irkMt5j/NzB+jY+8yPTsrXk5zCOH1O7DdthRnAUJ7pJPwImdL7jAGRbLtYRxUPgCHs/0qUPw==",
      "cpu": [
        "x64"
      ],
      "license": "MIT",
      "optional": true,
      "os": [
        "darwin"
      ]
    },
    "node_modules/source-map": {
      "version": "0.6.1",
      "resolved": "https://registry.npmjs.org/source-map/-/source-map-0.6.1.tgz",
      "integrity": "sha512-UjgapumWlbMhkBgzT7Ykc5YXUT46F0iKu8SGXq0bcwP5dz/h0Plj6enJqjz1Zbq2l5WaqYnrVbwWOWMyF3F47g==",
      "license": "BSD-3-Clause",
      "engines": {
        "node": ">=0.10.0"
      }
    },
    "node_modules/source-map-support": {
      "version": "0.5.21",
      "resolved": "https://registry.npmjs.org/source-map-support/-/source-map-support-0.5.21.tgz",
      "integrity": "sha512-uBHU3L3czsIyYXKX88fdrGovxdSCoTGDRZ6SYXtSRxLZUzHg5P/66Ht6uoUlHu9EZod+inXhKo3qQgwXUT/y1w==",
      "license": "MIT",
      "dependencies": {
        "buffer-from": "^1.0.0",
        "source-map": "^0.6.0"
      }
    }
  },
  "dependencies": {
    "@types/source-map-support": {
      "version": "0.5.4",
      "resolved": "https://registry.npmjs.org/@types/source-map-support/-/source-map-support-0.5.4.tgz",
      "integrity": "sha512-9zGujX1sOPg32XLyfgEB/0G9ZnrjthL/Iv1ZfuAjj8LEilHZEpQSQs1scpRXPhHzGYgWiLz9ldF1cI8JhL+yMw==",
      "requires": {
        "source-map": "^0.6.0"
      }
    },
    "buffer-from": {
      "version": "1.1.2",
      "resolved": "https://registry.npmjs.org/buffer-from/-/buffer-from-1.1.2.tgz",
      "integrity": "sha512-E+XQCRwSbaaiChtv6k6Dwgc+bx+Bs6vuKJHHl5kox/BaKbhiXzqQOwK4cO22yElGp2OCmjwVhT3HmxgyPGnJfQ=="
    },
    "esbuild": {
      "version": "0.14.8",
      "resolved": "https://registry.npmjs.org/esbuild/-/esbuild-0.14.8.tgz",
      "integrity": "sha512-stMsCBmxwaMpeK8GC/49L/cRGIwsHwoEN7Twk5zDTHlm/63c0KXFKzDC8iM2Mi3fyCKwS002TAH6IlAvqR6t3g==",
      "requires": {
        "esbuild-android-arm64": "0.14.8",
        "esbuild-darwin-64": "0.14.8",
        "esbuild-darwin-arm64": "0.14.8",
        "esbuild-freebsd-64": "0.14.8",
        "esbuild-freebsd-arm64": "0.14.8",
        "esbuild-linux-32": "0.14.8",
        "esbuild-linux-64": "0.14.8",
        "esbuild-linux-arm": "0.14.8",
        "esbuild-linux-arm64": "0.14.8",
        "esbuild-linux-mips64le": "0.14.8",
        "esbuild-linux-ppc64le": "0.14.8",
        "esbuild-linux-s390x": "0.14.8",
        "esbuild-netbsd-64": "0.14.8",
        "esbuild-openbsd-64": "0.14.8",
        "esbuild-sunos-64": "0.14.8",
        "esbuild-windows-32": "0.14.8",
        "esbuild-windows-64": "0.14.8",
        "esbuild-windows-arm64": "0.14.8"
      }
    },
    "esbuild-darwin-64": {
      "version": "0.14.8",
      "resolved": "https://registry.npmjs.org/esbuild-darwin-64/-/esbuild-darwin-64-0.14.8.tgz",
      "integrity": "sha512-t7p7WzTb+ybiD/irkMt5j/NzB+jY+8yPTsrXk5zCOH1O7DdthRnAUJ7pJPwImdL7jAGRbLtYRxUPgCHs/0qUPw==",
      "optional": true
    },
    "source-map": {
      "version": "0.6.1",
      "resolved": "https://registry.npmjs.org/source-map/-/source-map-0.6.1.tgz",
      "integrity": "sha512-UjgapumWlbMhkBgzT7Ykc5YXUT46F0iKu8SGXq0bcwP5dz/h0Plj6enJqjz1Zbq2l5WaqYnrVbwWOWMyF3F47g=="
    },
    "source-map-support": {
      "version": "0.5.21",
      "resolved": "https://registry.npmjs.org/source-map-support/-/source-map-support-0.5.21.tgz",
      "integrity": "sha512-uBHU3L3czsIyYXKX88fdrGovxdSCoTGDRZ6SYXtSRxLZUzHg5P/66Ht6uoUlHu9EZod+inXhKo3qQgwXUT/y1w==",
      "requires": {
        "buffer-from": "^1.0.0",
        "source-map": "^0.6.0"
      }
    }
  }
}
